// !$*UTF8*$!
{
	archiveVersion = 1;
	classes = {
	};
	objectVersion = 50;
	objects = {

/* Begin PBXBuildFile section */
		5F7B4A90217FD90C00999642 /* Todo.swift in Sources */ = {isa = PBXBuildFile; fileRef = 5F7B4A8F217FD90C00999642 /* Todo.swift */; };
		5F7B4A92217FDA1500999642 /* TodoStore.swift in Sources */ = {isa = PBXBuildFile; fileRef = 5F7B4A91217FDA1500999642 /* TodoStore.swift */; };
		5FC1D292217BEB37005283A1 /* AppDelegate.swift in Sources */ = {isa = PBXBuildFile; fileRef = 5FC1D291217BEB37005283A1 /* AppDelegate.swift */; };
		5FC1D297217BEB37005283A1 /* Main.storyboard in Resources */ = {isa = PBXBuildFile; fileRef = 5FC1D295217BEB37005283A1 /* Main.storyboard */; };
		5FC1D299217BEB38005283A1 /* Assets.xcassets in Resources */ = {isa = PBXBuildFile; fileRef = 5FC1D298217BEB38005283A1 /* Assets.xcassets */; };
		5FC1D29C217BEB38005283A1 /* LaunchScreen.storyboard in Resources */ = {isa = PBXBuildFile; fileRef = 5FC1D29A217BEB38005283A1 /* LaunchScreen.storyboard */; };
		5FC1D2A7217BEB38005283A1 /* TodoAppTests.swift in Sources */ = {isa = PBXBuildFile; fileRef = 5FC1D2A6217BEB38005283A1 /* TodoAppTests.swift */; };
		5FC1D2B2217BEBAD005283A1 /* TodoViewController.swift in Sources */ = {isa = PBXBuildFile; fileRef = 5FC1D2B1217BEBAD005283A1 /* TodoViewController.swift */; };
/* End PBXBuildFile section */

/* Begin PBXContainerItemProxy section */
		5FC1D2A3217BEB38005283A1 /* PBXContainerItemProxy */ = {
			isa = PBXContainerItemProxy;
			containerPortal = 5FC1D286217BEB37005283A1 /* Project object */;
			proxyType = 1;
			remoteGlobalIDString = 5FC1D28D217BEB37005283A1;
			remoteInfo = TodoApp;
		};
/* End PBXContainerItemProxy section */

/* Begin PBXFileReference section */
		5F7B4A8F217FD90C00999642 /* Todo.swift */ = {isa = PBXFileReference; lastKnownFileType = sourcecode.swift; path = Todo.swift; sourceTree = "<group>"; };
		5F7B4A91217FDA1500999642 /* TodoStore.swift */ = {isa = PBXFileReference; lastKnownFileType = sourcecode.swift; path = TodoStore.swift; sourceTree = "<group>"; };
		5FC1D28E217BEB37005283A1 /* TodoApp.app */ = {isa = PBXFileReference; explicitFileType = wrapper.application; includeInIndex = 0; path = TodoApp.app; sourceTree = BUILT_PRODUCTS_DIR; };
		5FC1D291217BEB37005283A1 /* AppDelegate.swift */ = {isa = PBXFileReference; lastKnownFileType = sourcecode.swift; path = AppDelegate.swift; sourceTree = "<group>"; };
		5FC1D296217BEB37005283A1 /* Base */ = {isa = PBXFileReference; lastKnownFileType = file.storyboard; name = Base; path = Base.lproj/Main.storyboard; sourceTree = "<group>"; };
		5FC1D298217BEB38005283A1 /* Assets.xcassets */ = {isa = PBXFileReference; lastKnownFileType = folder.assetcatalog; path = Assets.xcassets; sourceTree = "<group>"; };
		5FC1D29B217BEB38005283A1 /* Base */ = {isa = PBXFileReference; lastKnownFileType = file.storyboard; name = Base; path = Base.lproj/LaunchScreen.storyboard; sourceTree = "<group>"; };
		5FC1D29D217BEB38005283A1 /* Info.plist */ = {isa = PBXFileReference; lastKnownFileType = text.plist.xml; path = Info.plist; sourceTree = "<group>"; };
		5FC1D2A2217BEB38005283A1 /* TodoAppTests.xctest */ = {isa = PBXFileReference; explicitFileType = wrapper.cfbundle; includeInIndex = 0; path = TodoAppTests.xctest; sourceTree = BUILT_PRODUCTS_DIR; };
		5FC1D2A6217BEB38005283A1 /* TodoAppTests.swift */ = {isa = PBXFileReference; lastKnownFileType = sourcecode.swift; path = TodoAppTests.swift; sourceTree = "<group>"; };
		5FC1D2A8217BEB38005283A1 /* Info.plist */ = {isa = PBXFileReference; lastKnownFileType = text.plist.xml; path = Info.plist; sourceTree = "<group>"; };
		5FC1D2B1217BEBAD005283A1 /* TodoViewController.swift */ = {isa = PBXFileReference; lastKnownFileType = sourcecode.swift; path = TodoViewController.swift; sourceTree = "<group>"; };
/* End PBXFileReference section */

/* Begin PBXFrameworksBuildPhase section */
		5FC1D28B217BEB37005283A1 /* Frameworks */ = {
			isa = PBXFrameworksBuildPhase;
			buildActionMask = 2147483647;
			files = (
			);
			runOnlyForDeploymentPostprocessing = 0;
		};
		5FC1D29F217BEB38005283A1 /* Frameworks */ = {
			isa = PBXFrameworksBuildPhase;
			buildActionMask = 2147483647;
			files = (
			);
			runOnlyForDeploymentPostprocessing = 0;
		};
/* End PBXFrameworksBuildPhase section */

/* Begin PBXGroup section */
		5FC1D285217BEB37005283A1 = {
			isa = PBXGroup;
			children = (
				5FC1D290217BEB37005283A1 /* TodoApp */,
				5FC1D2A5217BEB38005283A1 /* TodoAppTests */,
				5FC1D28F217BEB37005283A1 /* Products */,
			);
			sourceTree = "<group>";
		};
		5FC1D28F217BEB37005283A1 /* Products */ = {
			isa = PBXGroup;
			children = (
				5FC1D28E217BEB37005283A1 /* TodoApp.app */,
				5FC1D2A2217BEB38005283A1 /* TodoAppTests.xctest */,
			);
			name = Products;
			sourceTree = "<group>";
		};
		5FC1D290217BEB37005283A1 /* TodoApp */ = {
			isa = PBXGroup;
			children = (
				5FC1D291217BEB37005283A1 /* AppDelegate.swift */,
				5FC1D295217BEB37005283A1 /* Main.storyboard */,
				5FC1D298217BEB38005283A1 /* Assets.xcassets */,
				5FC1D29A217BEB38005283A1 /* LaunchScreen.storyboard */,
				5FC1D29D217BEB38005283A1 /* Info.plist */,
				5FC1D2B1217BEBAD005283A1 /* TodoViewController.swift */,
				5F7B4A8F217FD90C00999642 /* Todo.swift */,
				5F7B4A91217FDA1500999642 /* TodoStore.swift */,
			);
			path = TodoApp;
			sourceTree = "<group>";
		};
		5FC1D2A5217BEB38005283A1 /* TodoAppTests */ = {
			isa = PBXGroup;
			children = (
				5FC1D2A6217BEB38005283A1 /* TodoAppTests.swift */,
				5FC1D2A8217BEB38005283A1 /* Info.plist */,
			);
			path = TodoAppTests;
			sourceTree = "<group>";
		};
/* End PBXGroup section */

/* Begin PBXNativeTarget section */
		5FC1D28D217BEB37005283A1 /* TodoApp */ = {
			isa = PBXNativeTarget;
			buildConfigurationList = 5FC1D2AB217BEB38005283A1 /* Build configuration list for PBXNativeTarget "TodoApp" */;
			buildPhases = (
				5FC1D28A217BEB37005283A1 /* Sources */,
				5FC1D28B217BEB37005283A1 /* Frameworks */,
				5FC1D28C217BEB37005283A1 /* Resources */,
			);
			buildRules = (
			);
			dependencies = (
			);
			name = TodoApp;
			productName = TodoApp;
			productReference = 5FC1D28E217BEB37005283A1 /* TodoApp.app */;
			productType = "com.apple.product-type.application";
		};
		5FC1D2A1217BEB38005283A1 /* TodoAppTests */ = {
			isa = PBXNativeTarget;
			buildConfigurationList = 5FC1D2AE217BEB38005283A1 /* Build configuration list for PBXNativeTarget "TodoAppTests" */;
			buildPhases = (
				5FC1D29E217BEB38005283A1 /* Sources */,
				5FC1D29F217BEB38005283A1 /* Frameworks */,
				5FC1D2A0217BEB38005283A1 /* Resources */,
			);
			buildRules = (
			);
			dependencies = (
				5FC1D2A4217BEB38005283A1 /* PBXTargetDependency */,
			);
			name = TodoAppTests;
			productName = TodoAppTests;
			productReference = 5FC1D2A2217BEB38005283A1 /* TodoAppTests.xctest */;
			productType = "com.apple.product-type.bundle.unit-test";
		};
/* End PBXNativeTarget section */

/* Begin PBXProject section */
		5FC1D286217BEB37005283A1 /* Project object */ = {
			isa = PBXProject;
			attributes = {
				LastSwiftUpdateCheck = 1000;
				LastUpgradeCheck = 1000;
				ORGANIZATIONNAME = "Ahmad Hamed Rangeen";
				TargetAttributes = {
					5FC1D28D217BEB37005283A1 = {
						CreatedOnToolsVersion = 10.0;
					};
					5FC1D2A1217BEB38005283A1 = {
						CreatedOnToolsVersion = 10.0;
						TestTargetID = 5FC1D28D217BEB37005283A1;
					};
				};
			};
			buildConfigurationList = 5FC1D289217BEB37005283A1 /* Build configuration list for PBXProject "TodoApp" */;
			compatibilityVersion = "Xcode 9.3";
			developmentRegion = en;
			hasScannedForEncodings = 0;
			knownRegions = (
				en,
				Base,
			);
			mainGroup = 5FC1D285217BEB37005283A1;
			productRefGroup = 5FC1D28F217BEB37005283A1 /* Products */;
			projectDirPath = "";
			projectRoot = "";
			targets = (
				5FC1D28D217BEB37005283A1 /* TodoApp */,
				5FC1D2A1217BEB38005283A1 /* TodoAppTests */,
			);
		};
/* End PBXProject section */

/* Begin PBXResourcesBuildPhase section */
		5FC1D28C217BEB37005283A1 /* Resources */ = {
			isa = PBXResourcesBuildPhase;
			buildActionMask = 2147483647;
			files = (
				5FC1D29C217BEB38005283A1 /* LaunchScreen.storyboard in Resources */,
				5FC1D299217BEB38005283A1 /* Assets.xcassets in Resources */,
				5FC1D297217BEB37005283A1 /* Main.storyboard in Resources */,
			);
			runOnlyForDeploymentPostprocessing = 0;
		};
		5FC1D2A0217BEB38005283A1 /* Resources */ = {
			isa = PBXResourcesBuildPhase;
			buildActionMask = 2147483647;
			files = (
			);
			runOnlyForDeploymentPostprocessing = 0;
		};
/* End PBXResourcesBuildPhase section */

/* Begin PBXSourcesBuildPhase section */
		5FC1D28A217BEB37005283A1 /* Sources */ = {
			isa = PBXSourcesBuildPhase;
			buildActionMask = 2147483647;
			files = (
				5FC1D2B2217BEBAD005283A1 /* TodoViewController.swift in Sources */,
				5F7B4A92217FDA1500999642 /* TodoStore.swift in Sources */,
				5F7B4A90217FD90C00999642 /* Todo.swift in Sources */,
				5FC1D292217BEB37005283A1 /* AppDelegate.swift in Sources */,
			);
			runOnlyForDeploymentPostprocessing = 0;
		};
		5FC1D29E217BEB38005283A1 /* Sources */ = {
			isa = PBXSourcesBuildPhase;
			buildActionMask = 2147483647;
			files = (
				5FC1D2A7217BEB38005283A1 /* TodoAppTests.swift in Sources */,
			);
			runOnlyForDeploymentPostprocessing = 0;
		};
/* End PBXSourcesBuildPhase section */

/* Begin PBXTargetDependency section */
		5FC1D2A4217BEB38005283A1 /* PBXTargetDependency */ = {
			isa = PBXTargetDependency;
			target = 5FC1D28D217BEB37005283A1 /* TodoApp */;
			targetProxy = 5FC1D2A3217BEB38005283A1 /* PBXContainerItemProxy */;
		};
/* End PBXTargetDependency section */

/* Begin PBXVariantGroup section */
		5FC1D295217BEB37005283A1 /* Main.storyboard */ = {
			isa = PBXVariantGroup;
			children = (
				5FC1D296217BEB37005283A1 /* Base */,
			);
			name = Main.storyboard;
			sourceTree = "<group>";
		};
		5FC1D29A217BEB38005283A1 /* LaunchScreen.storyboard */ = {
			isa = PBXVariantGroup;
			children = (
				5FC1D29B217BEB38005283A1 /* Base */,
			);
			name = LaunchScreen.storyboard;
			sourceTree = "<group>";
		};
/* End PBXVariantGroup section */

/* Begin XCBuildConfiguration section */
		5FC1D2A9217BEB38005283A1 /* Debug */ = {
			isa = XCBuildConfiguration;
			buildSettings = {
				ALWAYS_SEARCH_USER_PATHS = NO;
				CLANG_ANALYZER_NONNULL = YES;
				CLANG_ANALYZER_NUMBER_OBJECT_CONVERSION = YES_AGGRESSIVE;
				CLANG_CXX_LANGUAGE_STANDARD = "gnu++14";
				CLANG_CXX_LIBRARY = "libc++";
				CLANG_ENABLE_MODULES = YES;
				CLANG_ENABLE_OBJC_ARC = YES;
				CLANG_ENABLE_OBJC_WEAK = YES;
				CLANG_WARN_BLOCK_CAPTURE_AUTORELEASING = YES;
				CLANG_WARN_BOOL_CONVERSION = YES;
				CLANG_WARN_COMMA = YES;
				CLANG_WARN_CONSTANT_CONVERSION = YES;
				CLANG_WARN_DEPRECATED_OBJC_IMPLEMENTATIONS = YES;
				CLANG_WARN_DIRECT_OBJC_ISA_USAGE = YES_ERROR;
				CLANG_WARN_DOCUMENTATION_COMMENTS = YES;
				CLANG_WARN_EMPTY_BODY = YES;
				CLANG_WARN_ENUM_CONVERSION = YES;
				CLANG_WARN_INFINITE_RECURSION = YES;
				CLANG_WARN_INT_CONVERSION = YES;
				CLANG_WARN_NON_LITERAL_NULL_CONVERSION = YES;
				CLANG_WARN_OBJC_IMPLICIT_RETAIN_SELF = YES;
				CLANG_WARN_OBJC_LITERAL_CONVERSION = YES;
				CLANG_WARN_OBJC_ROOT_CLASS = YES_ERROR;
				CLANG_WARN_RANGE_LOOP_ANALYSIS = YES;
				CLANG_WARN_STRICT_PROTOTYPES = YES;
				CLANG_WARN_SUSPICIOUS_MOVE = YES;
				CLANG_WARN_UNGUARDED_AVAILABILITY = YES_AGGRESSIVE;
				CLANG_WARN_UNREACHABLE_CODE = YES;
				CLANG_WARN__DUPLICATE_METHOD_MATCH = YES;
				CODE_SIGN_IDENTITY = "iPhone Developer";
				COPY_PHASE_STRIP = NO;
				DEBUG_INFORMATION_FORMAT = dwarf;
				ENABLE_STRICT_OBJC_MSGSEND = YES;
				ENABLE_TESTABILITY = YES;
				GCC_C_LANGUAGE_STANDARD = gnu11;
				GCC_DYNAMIC_NO_PIC = NO;
				GCC_NO_COMMON_BLOCKS = YES;
				GCC_OPTIMIZATION_LEVEL = 0;
				GCC_PREPROCESSOR_DEFINITIONS = (
					"DEBUG=1",
					"$(inherited)",
				);
				GCC_WARN_64_TO_32_BIT_CONVERSION = YES;
				GCC_WARN_ABOUT_RETURN_TYPE = YES_ERROR;
				GCC_WARN_UNDECLARED_SELECTOR = YES;
				GCC_WARN_UNINITIALIZED_AUTOS = YES_AGGRESSIVE;
				GCC_WARN_UNUSED_FUNCTION = YES;
				GCC_WARN_UNUSED_VARIABLE = YES;
				IPHONEOS_DEPLOYMENT_TARGET = 12.0;
				MTL_ENABLE_DEBUG_INFO = INCLUDE_SOURCE;
				MTL_FAST_MATH = YES;
				ONLY_ACTIVE_ARCH = YES;
				SDKROOT = iphoneos;
				SWIFT_ACTIVE_COMPILATION_CONDITIONS = DEBUG;
				SWIFT_OPTIMIZATION_LEVEL = "-Onone";
			};
			name = Debug;
		};
		5FC1D2AA217BEB38005283A1 /* Release */ = {
			isa = XCBuildConfiguration;
			buildSettings = {
				ALWAYS_SEARCH_USER_PATHS = NO;
				CLANG_ANALYZER_NONNULL = YES;
				CLANG_ANALYZER_NUMBER_OBJECT_CONVERSION = YES_AGGRESSIVE;
				CLANG_CXX_LANGUAGE_STANDARD = "gnu++14";
				CLANG_CXX_LIBRARY = "libc++";
				CLANG_ENABLE_MODULES = YES;
				CLANG_ENABLE_OBJC_ARC = YES;
				CLANG_ENABLE_OBJC_WEAK = YES;
				CLANG_WARN_BLOCK_CAPTURE_AUTORELEASING = YES;
				CLANG_WARN_BOOL_CONVERSION = YES;
				CLANG_WARN_COMMA = YES;
				CLANG_WARN_CONSTANT_CONVERSION = YES;
				CLANG_WARN_DEPRECATED_OBJC_IMPLEMENTATIONS = YES;
				CLANG_WARN_DIRECT_OBJC_ISA_USAGE = YES_ERROR;
				CLANG_WARN_DOCUMENTATION_COMMENTS = YES;
				CLANG_WARN_EMPTY_BODY = YES;
				CLANG_WARN_ENUM_CONVERSION = YES;
				CLANG_WARN_INFINITE_RECURSION = YES;
				CLANG_WARN_INT_CONVERSION = YES;
				CLANG_WARN_NON_LITERAL_NULL_CONVERSION = YES;
				CLANG_WARN_OBJC_IMPLICIT_RETAIN_SELF = YES;
				CLANG_WARN_OBJC_LITERAL_CONVERSION = YES;
				CLANG_WARN_OBJC_ROOT_CLASS = YES_ERROR;
				CLANG_WARN_RANGE_LOOP_ANALYSIS = YES;
				CLANG_WARN_STRICT_PROTOTYPES = YES;
				CLANG_WARN_SUSPICIOUS_MOVE = YES;
				CLANG_WARN_UNGUARDED_AVAILABILITY = YES_AGGRESSIVE;
				CLANG_WARN_UNREACHABLE_CODE = YES;
				CLANG_WARN__DUPLICATE_METHOD_MATCH = YES;
				CODE_SIGN_IDENTITY = "iPhone Developer";
				COPY_PHASE_STRIP = NO;
				DEBUG_INFORMATION_FORMAT = "dwarf-with-dsym";
				ENABLE_NS_ASSERTIONS = NO;
				ENABLE_STRICT_OBJC_MSGSEND = YES;
				GCC_C_LANGUAGE_STANDARD = gnu11;
				GCC_NO_COMMON_BLOCKS = YES;
				GCC_WARN_64_TO_32_BIT_CONVERSION = YES;
				GCC_WARN_ABOUT_RETURN_TYPE = YES_ERROR;
				GCC_WARN_UNDECLARED_SELECTOR = YES;
				GCC_WARN_UNINITIALIZED_AUTOS = YES_AGGRESSIVE;
				GCC_WARN_UNUSED_FUNCTION = YES;
				GCC_WARN_UNUSED_VARIABLE = YES;
				IPHONEOS_DEPLOYMENT_TARGET = 12.0;
				MTL_ENABLE_DEBUG_INFO = NO;
				MTL_FAST_MATH = YES;
				SDKROOT = iphoneos;
				SWIFT_COMPILATION_MODE = wholemodule;
				SWIFT_OPTIMIZATION_LEVEL = "-O";
				VALIDATE_PRODUCT = YES;
			};
			name = Release;
		};
		5FC1D2AC217BEB38005283A1 /* Debug */ = {
			isa = XCBuildConfiguration;
			buildSettings = {
				ASSETCATALOG_COMPILER_APPICON_NAME = AppIcon;
				CODE_SIGN_STYLE = Automatic;
				INFOPLIST_FILE = TodoApp/Info.plist;
				LD_RUNPATH_SEARCH_PATHS = (
					"$(inherited)",
					"@executable_path/Frameworks",
				);
				PRODUCT_BUNDLE_IDENTIFIER = com.ahmadrangeen.TodoApp;
				PRODUCT_NAME = "$(TARGET_NAME)";
				SWIFT_VERSION = 4.2;
				TARGETED_DEVICE_FAMILY = "1,2";
			};
			name = Debug;
		};
		5FC1D2AD217BEB38005283A1 /* Release */ = {
			isa = XCBuildConfiguration;
			buildSettings = {
				ASSETCATALOG_COMPILER_APPICON_NAME = AppIcon;
				CODE_SIGN_STYLE = Automatic;
				INFOPLIST_FILE = TodoApp/Info.plist;
				LD_RUNPATH_SEARCH_PATHS = (
					"$(inherited)",
					"@executable_path/Frameworks",
				);
				PRODUCT_BUNDLE_IDENTIFIER = com.ahmadrangeen.TodoApp;
				PRODUCT_NAME = "$(TARGET_NAME)";
				SWIFT_VERSION = 4.2;
				TARGETED_DEVICE_FAMILY = "1,2";
			};
			name = Release;
		};
		5FC1D2AF217BEB38005283A1 /* Debug */ = {
			isa = XCBuildConfiguration;
			buildSettings = {
				ALWAYS_EMBED_SWIFT_STANDARD_LIBRARIES = YES;
				BUNDLE_LOADER = "$(TEST_HOST)";
				CODE_SIGN_STYLE = Automatic;
				INFOPLIST_FILE = TodoAppTests/Info.plist;
				LD_RUNPATH_SEARCH_PATHS = (
					"$(inherited)",
					"@executable_path/Frameworks",
					"@loader_path/Frameworks",
				);
				PRODUCT_BUNDLE_IDENTIFIER = com.ahmadrangeen.TodoAppTests;
				PRODUCT_NAME = "$(TARGET_NAME)";
				SWIFT_VERSION = 4.2;
				TARGETED_DEVICE_FAMILY = "1,2";
				TEST_HOST = "$(BUILT_PRODUCTS_DIR)/TodoApp.app/TodoApp";
			};
			name = Debug;
		};
		5FC1D2B0217BEB38005283A1 /* Release */ = {
			isa = XCBuildConfiguration;
			buildSettings = {
				ALWAYS_EMBED_SWIFT_STANDARD_LIBRARIES = YES;
				BUNDLE_LOADER = "$(TEST_HOST)";
				CODE_SIGN_STYLE = Automatic;
				INFOPLIST_FILE = TodoAppTests/Info.plist;
				LD_RUNPATH_SEARCH_PATHS = (
					"$(inherited)",
					"@executable_path/Frameworks",
					"@loader_path/Frameworks",
				);
				PRODUCT_BUNDLE_IDENTIFIER = com.ahmadrangeen.TodoAppTests;
				PRODUCT_NAME = "$(TARGET_NAME)";
				SWIFT_VERSION = 4.2;
				TARGETED_DEVICE_FAMILY = "1,2";
				TEST_HOST = "$(BUILT_PRODUCTS_DIR)/TodoApp.app/TodoApp";
			};
			name = Release;
		};
/* End XCBuildConfiguration section */

/* Begin XCConfigurationList section */
		5FC1D289217BEB37005283A1 /* Build configuration list for PBXProject "TodoApp" */ = {
			isa = XCConfigurationList;
			buildConfigurations = (
				5FC1D2A9217BEB38005283A1 /* Debug */,
				5FC1D2AA217BEB38005283A1 /* Release */,
			);
			defaultConfigurationIsVisible = 0;
			defaultConfigurationName = Release;
		};
		5FC1D2AB217BEB38005283A1 /* Build configuration list for PBXNativeTarget "TodoApp" */ = {
			isa = XCConfigurationList;
			buildConfigurations = (
				5FC1D2AC217BEB38005283A1 /* Debug */,
				5FC1D2AD217BEB38005283A1 /* Release */,
			);
			defaultConfigurationIsVisible = 0;
			defaultConfigurationName = Release;
		};
		5FC1D2AE217BEB38005283A1 /* Build configuration list for PBXNativeTarget "TodoAppTests" */ = {
			isa = XCConfigurationList;
			buildConfigurations = (
				5FC1D2AF217BEB38005283A1 /* Debug */,
				5FC1D2B0217BEB38005283A1 /* Release */,
			);
			defaultConfigurationIsVisible = 0;
			defaultConfigurationName = Release;
		};
/* End XCConfigurationList section */
	};
	rootObject = 5FC1D286217BEB37005283A1 /* Project object */;
}
